github.com/marlinps/go-say-hello v1.0.0 h1:iKamiaLHJX6LRUeAXSBfI8khtFmg79aG1b++t6nXjaE=
github.com/marlinps/go-say-hello v1.0.0/go.mod h1:O2XQWPcEuycok/h3STJkIrpJRKVYauwzrZWfE4bsjAk=
github.com/marlinps/go-say-hello v1.5.0 h1:r2y0i4iO3YEHRce8oqetZS+G1Y+sUXKOOFYzmVM9xcs=
github.com/marlinps/go-say-hello v1.5.0/go.mod h1:O2XQWPcEuycok/h3STJkIrpJRKVYauwzrZWfE4bsjAk=
github.com/marlinps/go-say-hello/v2 v2.0.0 h1:DyuLeof2ilrAy+FSceYsx1DZht0Nt/5+AChAmOO7RIE=
github.com/marlinps/go-say-hello/v2 v2.0.0/go.mod h1:k//2SOTvrrNuRC+qGJ14PbsYTKk6M892buE6fsx6Aqw=
